
Microsoft Visual Studio Solution File, Format Version 11.00
# Visual C# Express 2010
Project("{FAE04EC0-301F-11D3-BF4B-00C04F79EFBC}") = "Dashboard", "Dashboard\Dashboard.csproj", "{2378B38A-A669-4E7D-B90B-ABDA212DAB20}"
EndProject
Global
	GlobalSection(SolutionConfigurationPlatforms) = preSolution
		Debug|x86 = Debug|x86
		Release|x86 = Release|x86
	EndGlobalSection
	GlobalSection(ProjectConfigurationPlatforms) = postSolution
		{2378B38A-A669-4E7D-B90B-ABDA212DAB20}.Debug|x86.ActiveCfg = Debug|x86
		{2378B38A-A669-4E7D-B90B-ABDA212DAB20}.Debug|x86.Build.0 = Debug|x86
		{2378B38A-A669-4E7D-B90B-ABDA212DAB20}.Release|x86.ActiveCfg = Release|x86
		{2378B38A-A669-4E7D-B90B-ABDA212DAB20}.Release|x86.Build.0 = Release|x86
	EndGlobalSection
	GlobalSection(SolutionProperties) = preSolution
		HideSolutionNode = FALSE
	EndGlobalSection
EndGlobal
